
Microsoft Visual Studio Solution File, Format Version 12.00
# Visual Studio Version 17
VisualStudioVersion = 17.8.34525.116
MinimumVisualStudioVersion = 10.0.40219.1
Project("{FAE04EC0-301F-11D3-BF4B-00C04F79EFBC}") = "pdfinserterdotnet", "pdfinserterdotnet\pdfinserterdotnet.csproj", "{CE740E91-758A-4C48-BD95-E9464F931DBD}"
EndProject
Global
	GlobalSection(SolutionConfigurationPlatforms) = preSolution
		Debug|Any CPU = Debug|Any CPU
		Release|Any CPU = Release|Any CPU
	EndGlobalSection
	GlobalSection(ProjectConfigurationPlatforms) = postSolution
		{CE740E91-758A-4C48-BD95-E9464F931DBD}.Debug|Any CPU.ActiveCfg = Debug|Any CPU
		{CE740E91-758A-4C48-BD95-E9464F931DBD}.Debug|Any CPU.Build.0 = Debug|Any CPU
		{CE740E91-758A-4C48-BD95-E9464F931DBD}.Release|Any CPU.ActiveCfg = Release|Any CPU
		{CE740E91-758A-4C48-BD95-E9464F931DBD}.Release|Any CPU.Build.0 = Release|Any CPU
	EndGlobalSection
	GlobalSection(SolutionProperties) = preSolution
		HideSolutionNode = FALSE
	EndGlobalSection
	GlobalSection(ExtensibilityGlobals) = postSolution
		SolutionGuid = {8E7411A9-3DA9-47C1-83AC-21F667A5F3D5}
	EndGlobalSection
EndGlobal
